{
  "pins" : [
    {
      "identity" : "alamofire",
      "kind" : "remoteSourceControl",
      "location" : "https://github.com/Alamofire/Alamofire.git",
      "state" : {
        "revision" : "8dd85aee02e39dd280c75eef88ffdb86eed4b07b",
        "version" : "5.6.2"
      }
    },
    {
      "identity" : "console-kit",
      "kind" : "remoteSourceControl",
      "location" : "https://github.com/vapor/console-kit.git",
      "state" : {
        "revision" : "a7e67a1719933318b5ab7eaaed355cde020465b1",
        "version" : "4.5.0"
      }
    },
    {
      "identity" : "openapikit",
      "kind" : "remoteSourceControl",
      "location" : "https://github.com/mattpolzin/OpenAPIKit.git",
      "state" : {
        "revision" : "c598406749b49d8b12413194069b3cf94e0eef63",
        "version" : "3.0.0-beta.2"
      }
    },
    {
      "identity" : "swift-algorithms",
      "kind" : "remoteSourceControl",
      "location" : "https://github.com/apple/swift-algorithms",
      "state" : {
        "revision" : "b14b7f4c528c942f121c8b860b9410b2bf57825e",
        "version" : "1.0.0"
      }
    },
    {
      "identity" : "swift-argument-parser",
      "kind" : "remoteSourceControl",
      "location" : "https://github.com/apple/swift-argument-parser.git",
      "state" : {
        "revision" : "8f4d2753f0e4778c76d5f05ad16c74f707390531",
        "version" : "1.2.3"
      }
    },
    {
      "identity" : "swift-crypto",
      "kind" : "remoteSourceControl",
      "location" : "https://github.com/apple/swift-crypto.git",
      "state" : {
        "revision" : "60f13f60c4d093691934dc6cfdf5f508ada1f894",
        "version" : "2.6.0"
      }
    },
    {
      "identity" : "swift-format",
      "kind" : "remoteSourceControl",
      "location" : "https://github.com/apple/swift-format.git",
      "state" : {
        "revision" : "fbfe1869527923dd9f9b2edac148baccfce0dce7",
        "version" : "508.0.1"
      }
    },
    {
      "identity" : "swift-log",
      "kind" : "remoteSourceControl",
      "location" : "https://github.com/apple/swift-log.git",
      "state" : {
        "revision" : "6fe203dc33195667ce1759bf0182975e4653ba1c",
        "version" : "1.4.4"
      }
    },
    {
      "identity" : "swift-numerics",
      "kind" : "remoteSourceControl",
      "location" : "https://github.com/apple/swift-numerics",
      "state" : {
        "revision" : "0a5bc04095a675662cf24757cc0640aa2204253b",
        "version" : "1.0.2"
      }
    },
    {
      "identity" : "swift-openapi-generator",
      "kind" : "remoteSourceControl",
      "location" : "https://github.com/apple/swift-openapi-generator.git",
      "state" : {
        "revision" : "7ddef95a852300d82bfce9a1befb1e9feac7d156",
        "version" : "0.1.13"
      }
    },
    {
      "identity" : "swift-openapi-runtime",
      "kind" : "remoteSourceControl",
      "location" : "https://github.com/apple/swift-openapi-runtime.git",
      "state" : {
        "revision" : "9d76a1d5b4975821b2c1bb045e6a09ee4023c27d",
        "version" : "0.1.11"
      }
    },
    {
      "identity" : "swift-openapi-urlsession",
      "kind" : "remoteSourceControl",
      "location" : "https://github.com/apple/swift-openapi-urlsession.git",
      "state" : {
        "revision" : "f6e6c2fc1011e0f20a5ea1a0a57ab388f9aebc4d",
        "version" : "0.1.2"
      }
    },
    {
      "identity" : "swift-syntax",
      "kind" : "remoteSourceControl",
      "location" : "https://github.com/apple/swift-syntax.git",
      "state" : {
        "revision" : "2c49d66d34dfd6f8130afdba889de77504b58ec0",
        "version" : "508.0.1"
      }
    },
    {
      "identity" : "swift-system",
      "kind" : "remoteSourceControl",
      "location" : "https://github.com/apple/swift-system.git",
      "state" : {
        "revision" : "836bc4557b74fe6d2660218d56e3ce96aff76574",
        "version" : "1.1.1"
      }
    },
    {
      "identity" : "swift-tools-support-core",
      "kind" : "remoteSourceControl",
      "location" : "https://github.com/apple/swift-tools-support-core.git",
      "state" : {
        "revision" : "93784c59434dbca8e8a9e4b700d0d6d94551da6a",
        "version" : "0.5.2"
      }
    },
    {
      "identity" : "yams",
      "kind" : "remoteSourceControl",
      "location" : "https://github.com/jpsim/Yams.git",
      "state" : {
        "revision" : "0d9ee7ea8c4ebd4a489ad7a73d5c6cad55d6fed3",
        "version" : "5.0.6"
      }
    }
  ],
  "version" : 2
}
