// !$*UTF8*$!
{
	archiveVersion = 1;
	classes = {
	};
	objectVersion = 56;
	objects = {

/* Begin PBXBuildFile section */
		2B1C799628FEAB0600D53658 /* OrzMCApp.swift in Sources */ = {isa = PBXBuildFile; fileRef = 2B1C799528FEAB0600D53658 /* OrzMCApp.swift */; };
		2B1C799828FEAB0600D53658 /* Persistence.swift in Sources */ = {isa = PBXBuildFile; fileRef = 2B1C799728FEAB0600D53658 /* Persistence.swift */; };
		2B1C799B28FEAB0600D53658 /* OrzMC.xcdatamodeld in Sources */ = {isa = PBXBuildFile; fileRef = 2B1C799928FEAB0600D53658 /* OrzMC.xcdatamodeld */; };
		2B1C799F28FEAB0700D53658 /* Assets.xcassets in Resources */ = {isa = PBXBuildFile; fileRef = 2B1C799E28FEAB0700D53658 /* Assets.xcassets */; };
		2B1C79A328FEAB0700D53658 /* Preview Assets.xcassets in Resources */ = {isa = PBXBuildFile; fileRef = 2B1C79A228FEAB0700D53658 /* Preview Assets.xcassets */; };
		2B1C79AD28FEAB0700D53658 /* OrzMCTests.swift in Sources */ = {isa = PBXBuildFile; fileRef = 2B1C79AC28FEAB0700D53658 /* OrzMCTests.swift */; };
		2B1C79B728FEAB0700D53658 /* OrzMCUITests.swift in Sources */ = {isa = PBXBuildFile; fileRef = 2B1C79B628FEAB0700D53658 /* OrzMCUITests.swift */; };
		2B1C79B928FEAB0700D53658 /* OrzMCUITestsLaunchTests.swift in Sources */ = {isa = PBXBuildFile; fileRef = 2B1C79B828FEAB0700D53658 /* OrzMCUITestsLaunchTests.swift */; };
		2B79DCF629066BBC000C21A1 /* ContentView.swift in Sources */ = {isa = PBXBuildFile; fileRef = 2B79DCF529066BBC000C21A1 /* ContentView.swift */; platformFilter = ios; };
		2B79FC4C2906A791000C21A1 /* Game in Frameworks */ = {isa = PBXBuildFile; platformFilters = (macos, ); productRef = 2B79FC4B2906A791000C21A1 /* Game */; };
		2BA5439F2902624C00F4D6A6 /* LauncherUIButton.swift in Sources */ = {isa = PBXBuildFile; fileRef = 2BA5439E2902624C00F4D6A6 /* LauncherUIButton.swift */; platformFilters = (macos, ); };
		2BA549C32902814E00F4D6A6 /* LauncherUIBackground.swift in Sources */ = {isa = PBXBuildFile; fileRef = 2BA549C22902814E00F4D6A6 /* LauncherUIBackground.swift */; platformFilters = (macos, ); };
		2BD03D792907F93200BE1D1F /* Model.swift in Sources */ = {isa = PBXBuildFile; fileRef = 2BD03D782907F93200BE1D1F /* Model.swift */; };
		2BD301EF29000B2C00993823 /* LauncherUI.swift in Sources */ = {isa = PBXBuildFile; fileRef = 2BD301EE29000B2C00993823 /* LauncherUI.swift */; platformFilters = (macos, ); };
		2BD301F229001CD000993823 /* LauncherModel.swift in Sources */ = {isa = PBXBuildFile; fileRef = 2BD301F129001CD000993823 /* LauncherModel.swift */; platformFilters = (macos, ); };
		F339F6252903A710003CB50C /* LauncherUserLoginArea.swift in Sources */ = {isa = PBXBuildFile; fileRef = F339F6242903A710003CB50C /* LauncherUserLoginArea.swift */; platformFilters = (macos, ); };
		F339F6272903A734003CB50C /* LauncherGameVersionPickerView.swift in Sources */ = {isa = PBXBuildFile; fileRef = F339F6262903A734003CB50C /* LauncherGameVersionPickerView.swift */; platformFilters = (macos, ); };
		F339F62D2903A7C2003CB50C /* LauncherProgressView.swift in Sources */ = {isa = PBXBuildFile; fileRef = F339F62C2903A7C2003CB50C /* LauncherProgressView.swift */; platformFilters = (macos, ); };
		F339F62F2903CF61003CB50C /* CircleAnimationView.swift in Sources */ = {isa = PBXBuildFile; fileRef = F339F62E2903CF61003CB50C /* CircleAnimationView.swift */; platformFilters = (macos, ); };
		F339F6322903FF65003CB50C /* GUILauncher.swift in Sources */ = {isa = PBXBuildFile; fileRef = F339F6312903FF65003CB50C /* GUILauncher.swift */; platformFilters = (macos, ); };
/* End PBXBuildFile section */

/* Begin PBXContainerItemProxy section */
		2B1C79A928FEAB0700D53658 /* PBXContainerItemProxy */ = {
			isa = PBXContainerItemProxy;
			containerPortal = 2B1C798A28FEAB0600D53658 /* Project object */;
			proxyType = 1;
			remoteGlobalIDString = 2B1C799128FEAB0600D53658;
			remoteInfo = OrzMC;
		};
		2B1C79B328FEAB0700D53658 /* PBXContainerItemProxy */ = {
			isa = PBXContainerItemProxy;
			containerPortal = 2B1C798A28FEAB0600D53658 /* Project object */;
			proxyType = 1;
			remoteGlobalIDString = 2B1C799128FEAB0600D53658;
			remoteInfo = OrzMC;
		};
/* End PBXContainerItemProxy section */

/* Begin PBXFileReference section */
		2B1C799228FEAB0600D53658 /* OrzMC.app */ = {isa = PBXFileReference; explicitFileType = wrapper.application; includeInIndex = 0; path = OrzMC.app; sourceTree = BUILT_PRODUCTS_DIR; };
		2B1C799528FEAB0600D53658 /* OrzMCApp.swift */ = {isa = PBXFileReference; lastKnownFileType = sourcecode.swift; path = OrzMCApp.swift; sourceTree = "<group>"; };
		2B1C799728FEAB0600D53658 /* Persistence.swift */ = {isa = PBXFileReference; lastKnownFileType = sourcecode.swift; path = Persistence.swift; sourceTree = "<group>"; };
		2B1C799A28FEAB0600D53658 /* OrzMC.xcdatamodel */ = {isa = PBXFileReference; lastKnownFileType = wrapper.xcdatamodel; path = OrzMC.xcdatamodel; sourceTree = "<group>"; };
		2B1C799E28FEAB0700D53658 /* Assets.xcassets */ = {isa = PBXFileReference; lastKnownFileType = folder.assetcatalog; path = Assets.xcassets; sourceTree = "<group>"; };
		2B1C79A028FEAB0700D53658 /* OrzMC.entitlements */ = {isa = PBXFileReference; lastKnownFileType = text.plist.entitlements; path = OrzMC.entitlements; sourceTree = "<group>"; };
		2B1C79A228FEAB0700D53658 /* Preview Assets.xcassets */ = {isa = PBXFileReference; lastKnownFileType = folder.assetcatalog; path = "Preview Assets.xcassets"; sourceTree = "<group>"; };
		2B1C79A828FEAB0700D53658 /* OrzMCTests.xctest */ = {isa = PBXFileReference; explicitFileType = wrapper.cfbundle; includeInIndex = 0; path = OrzMCTests.xctest; sourceTree = BUILT_PRODUCTS_DIR; };
		2B1C79AC28FEAB0700D53658 /* OrzMCTests.swift */ = {isa = PBXFileReference; lastKnownFileType = sourcecode.swift; path = OrzMCTests.swift; sourceTree = "<group>"; };
		2B1C79B228FEAB0700D53658 /* OrzMCUITests.xctest */ = {isa = PBXFileReference; explicitFileType = wrapper.cfbundle; includeInIndex = 0; path = OrzMCUITests.xctest; sourceTree = BUILT_PRODUCTS_DIR; };
		2B1C79B628FEAB0700D53658 /* OrzMCUITests.swift */ = {isa = PBXFileReference; lastKnownFileType = sourcecode.swift; path = OrzMCUITests.swift; sourceTree = "<group>"; };
		2B1C79B828FEAB0700D53658 /* OrzMCUITestsLaunchTests.swift */ = {isa = PBXFileReference; lastKnownFileType = sourcecode.swift; path = OrzMCUITestsLaunchTests.swift; sourceTree = "<group>"; };
		2B797D9829071FE6000C21A1 /* swift */ = {isa = PBXFileReference; lastKnownFileType = wrapper; name = swift; path = ..; sourceTree = "<group>"; };
		2B79DCF529066BBC000C21A1 /* ContentView.swift */ = {isa = PBXFileReference; lastKnownFileType = sourcecode.swift; path = ContentView.swift; sourceTree = "<group>"; };
		2BA5439E2902624C00F4D6A6 /* LauncherUIButton.swift */ = {isa = PBXFileReference; lastKnownFileType = sourcecode.swift; path = LauncherUIButton.swift; sourceTree = "<group>"; };
		2BA549C22902814E00F4D6A6 /* LauncherUIBackground.swift */ = {isa = PBXFileReference; lastKnownFileType = sourcecode.swift; path = LauncherUIBackground.swift; sourceTree = "<group>"; };
		2BD03D782907F93200BE1D1F /* Model.swift */ = {isa = PBXFileReference; lastKnownFileType = sourcecode.swift; path = Model.swift; sourceTree = "<group>"; };
		2BD301EE29000B2C00993823 /* LauncherUI.swift */ = {isa = PBXFileReference; lastKnownFileType = sourcecode.swift; path = LauncherUI.swift; sourceTree = "<group>"; };
		2BD301F129001CD000993823 /* LauncherModel.swift */ = {isa = PBXFileReference; lastKnownFileType = sourcecode.swift; path = LauncherModel.swift; sourceTree = "<group>"; };
		F339F62129038E60003CB50C /* Info.plist */ = {isa = PBXFileReference; lastKnownFileType = text.plist; path = Info.plist; sourceTree = "<group>"; };
		F339F6242903A710003CB50C /* LauncherUserLoginArea.swift */ = {isa = PBXFileReference; fileEncoding = 4; lastKnownFileType = sourcecode.swift; path = LauncherUserLoginArea.swift; sourceTree = "<group>"; };
		F339F6262903A734003CB50C /* LauncherGameVersionPickerView.swift */ = {isa = PBXFileReference; fileEncoding = 4; lastKnownFileType = sourcecode.swift; path = LauncherGameVersionPickerView.swift; sourceTree = "<group>"; };
		F339F62C2903A7C2003CB50C /* LauncherProgressView.swift */ = {isa = PBXFileReference; lastKnownFileType = sourcecode.swift; path = LauncherProgressView.swift; sourceTree = "<group>"; };
		F339F62E2903CF61003CB50C /* CircleAnimationView.swift */ = {isa = PBXFileReference; lastKnownFileType = sourcecode.swift; path = CircleAnimationView.swift; sourceTree = "<group>"; };
		F339F6312903FF65003CB50C /* GUILauncher.swift */ = {isa = PBXFileReference; lastKnownFileType = sourcecode.swift; path = GUILauncher.swift; sourceTree = "<group>"; };
/* End PBXFileReference section */

/* Begin PBXFrameworksBuildPhase section */
		2B1C798F28FEAB0600D53658 /* Frameworks */ = {
			isa = PBXFrameworksBuildPhase;
			buildActionMask = 2147483647;
			files = (
				2B79FC4C2906A791000C21A1 /* Game in Frameworks */,
			);
			runOnlyForDeploymentPostprocessing = 0;
		};
		2B1C79A528FEAB0700D53658 /* Frameworks */ = {
			isa = PBXFrameworksBuildPhase;
			buildActionMask = 2147483647;
			files = (
			);
			runOnlyForDeploymentPostprocessing = 0;
		};
		2B1C79AF28FEAB0700D53658 /* Frameworks */ = {
			isa = PBXFrameworksBuildPhase;
			buildActionMask = 2147483647;
			files = (
			);
			runOnlyForDeploymentPostprocessing = 0;
		};
/* End PBXFrameworksBuildPhase section */

/* Begin PBXGroup section */
		2B1C798928FEAB0600D53658 = {
			isa = PBXGroup;
			children = (
				2B1C799428FEAB0600D53658 /* OrzMC */,
				2B1C79AB28FEAB0700D53658 /* OrzMCTests */,
				2B1C79B528FEAB0700D53658 /* OrzMCUITests */,
				2B1C799328FEAB0600D53658 /* Products */,
				F370F74029037521005497A1 /* Frameworks */,
				2B797D9729071FE6000C21A1 /* Packages */,
			);
			sourceTree = "<group>";
		};
		2B1C799328FEAB0600D53658 /* Products */ = {
			isa = PBXGroup;
			children = (
				2B1C799228FEAB0600D53658 /* OrzMC.app */,
				2B1C79A828FEAB0700D53658 /* OrzMCTests.xctest */,
				2B1C79B228FEAB0700D53658 /* OrzMCUITests.xctest */,
			);
			name = Products;
			sourceTree = "<group>";
		};
		2B1C799428FEAB0600D53658 /* OrzMC */ = {
			isa = PBXGroup;
			children = (
				F339F62129038E60003CB50C /* Info.plist */,
				2B1C799528FEAB0600D53658 /* OrzMCApp.swift */,
				2B1C799728FEAB0600D53658 /* Persistence.swift */,
				2B1C799E28FEAB0700D53658 /* Assets.xcassets */,
				2B1C79A028FEAB0700D53658 /* OrzMC.entitlements */,
				2B1C799928FEAB0600D53658 /* OrzMC.xcdatamodeld */,
				2B1C79A128FEAB0700D53658 /* Preview Content */,
				2B79DCF429066B91000C21A1 /* MobileHelper(iOS) */,
				2BD301F029000B3E00993823 /* Launcher(MacOS) */,
			);
			path = OrzMC;
			sourceTree = "<group>";
		};
		2B1C79A128FEAB0700D53658 /* Preview Content */ = {
			isa = PBXGroup;
			children = (
				2B1C79A228FEAB0700D53658 /* Preview Assets.xcassets */,
			);
			path = "Preview Content";
			sourceTree = "<group>";
		};
		2B1C79AB28FEAB0700D53658 /* OrzMCTests */ = {
			isa = PBXGroup;
			children = (
				2B1C79AC28FEAB0700D53658 /* OrzMCTests.swift */,
			);
			path = OrzMCTests;
			sourceTree = "<group>";
		};
		2B1C79B528FEAB0700D53658 /* OrzMCUITests */ = {
			isa = PBXGroup;
			children = (
				2B1C79B628FEAB0700D53658 /* OrzMCUITests.swift */,
				2B1C79B828FEAB0700D53658 /* OrzMCUITestsLaunchTests.swift */,
			);
			path = OrzMCUITests;
			sourceTree = "<group>";
		};
		2B797D9729071FE6000C21A1 /* Packages */ = {
			isa = PBXGroup;
			children = (
				2B797D9829071FE6000C21A1 /* swift */,
			);
			name = Packages;
			sourceTree = "<group>";
		};
		2B79D9E129066171000C21A1 /* Shapes */ = {
			isa = PBXGroup;
			children = (
			);
			path = Shapes;
			sourceTree = "<group>";
		};
		2B79DCF429066B91000C21A1 /* MobileHelper(iOS) */ = {
			isa = PBXGroup;
			children = (
				2B79DCF529066BBC000C21A1 /* ContentView.swift */,
				2BD03D782907F93200BE1D1F /* Model.swift */,
			);
			path = "MobileHelper(iOS)";
			sourceTree = "<group>";
		};
		2BD301F029000B3E00993823 /* Launcher(MacOS) */ = {
			isa = PBXGroup;
			children = (
				2BD301EE29000B2C00993823 /* LauncherUI.swift */,
				F339F6302903FF53003CB50C /* Controller */,
				F339F6282903A755003CB50C /* Models */,
				F339F6292903A76F003CB50C /* Views */,
			);
			path = "Launcher(MacOS)";
			sourceTree = "<group>";
		};
		F339F6282903A755003CB50C /* Models */ = {
			isa = PBXGroup;
			children = (
				2BD301F129001CD000993823 /* LauncherModel.swift */,
			);
			path = Models;
			sourceTree = "<group>";
		};
		F339F6292903A76F003CB50C /* Views */ = {
			isa = PBXGroup;
			children = (
				2B79D9E129066171000C21A1 /* Shapes */,
				F339F6262903A734003CB50C /* LauncherGameVersionPickerView.swift */,
				2BA549C22902814E00F4D6A6 /* LauncherUIBackground.swift */,
				2BA5439E2902624C00F4D6A6 /* LauncherUIButton.swift */,
				F339F6242903A710003CB50C /* LauncherUserLoginArea.swift */,
				F339F62C2903A7C2003CB50C /* LauncherProgressView.swift */,
				F339F62E2903CF61003CB50C /* CircleAnimationView.swift */,
			);
			path = Views;
			sourceTree = "<group>";
		};
		F339F6302903FF53003CB50C /* Controller */ = {
			isa = PBXGroup;
			children = (
				F339F6312903FF65003CB50C /* GUILauncher.swift */,
			);
			path = Controller;
			sourceTree = "<group>";
		};
		F370F74029037521005497A1 /* Frameworks */ = {
			isa = PBXGroup;
			children = (
			);
			name = Frameworks;
			sourceTree = "<group>";
		};
/* End PBXGroup section */

/* Begin PBXNativeTarget section */
		2B1C799128FEAB0600D53658 /* OrzMC */ = {
			isa = PBXNativeTarget;
			buildConfigurationList = 2B1C79BC28FEAB0700D53658 /* Build configuration list for PBXNativeTarget "OrzMC" */;
			buildPhases = (
				2B1C798E28FEAB0600D53658 /* Sources */,
				2B1C798F28FEAB0600D53658 /* Frameworks */,
				2B1C799028FEAB0600D53658 /* Resources */,
			);
			buildRules = (
			);
			dependencies = (
			);
			name = OrzMC;
			packageProductDependencies = (
				2B79FC4B2906A791000C21A1 /* Game */,
			);
			productName = OrzMC;
			productReference = 2B1C799228FEAB0600D53658 /* OrzMC.app */;
			productType = "com.apple.product-type.application";
		};
		2B1C79A728FEAB0700D53658 /* OrzMCTests */ = {
			isa = PBXNativeTarget;
			buildConfigurationList = 2B1C79BF28FEAB0700D53658 /* Build configuration list for PBXNativeTarget "OrzMCTests" */;
			buildPhases = (
				2B1C79A428FEAB0700D53658 /* Sources */,
				2B1C79A528FEAB0700D53658 /* Frameworks */,
				2B1C79A628FEAB0700D53658 /* Resources */,
			);
			buildRules = (
			);
			dependencies = (
				2B1C79AA28FEAB0700D53658 /* PBXTargetDependency */,
			);
			name = OrzMCTests;
			productName = OrzMCTests;
			productReference = 2B1C79A828FEAB0700D53658 /* OrzMCTests.xctest */;
			productType = "com.apple.product-type.bundle.unit-test";
		};
		2B1C79B128FEAB0700D53658 /* OrzMCUITests */ = {
			isa = PBXNativeTarget;
			buildConfigurationList = 2B1C79C228FEAB0700D53658 /* Build configuration list for PBXNativeTarget "OrzMCUITests" */;
			buildPhases = (
				2B1C79AE28FEAB0700D53658 /* Sources */,
				2B1C79AF28FEAB0700D53658 /* Frameworks */,
				2B1C79B028FEAB0700D53658 /* Resources */,
			);
			buildRules = (
			);
			dependencies = (
				2B1C79B428FEAB0700D53658 /* PBXTargetDependency */,
			);
			name = OrzMCUITests;
			productName = OrzMCUITests;
			productReference = 2B1C79B228FEAB0700D53658 /* OrzMCUITests.xctest */;
			productType = "com.apple.product-type.bundle.ui-testing";
		};
/* End PBXNativeTarget section */

/* Begin PBXProject section */
		2B1C798A28FEAB0600D53658 /* Project object */ = {
			isa = PBXProject;
			attributes = {
				BuildIndependentTargetsInParallel = 1;
				LastSwiftUpdateCheck = 1410;
				LastUpgradeCheck = 1410;
				TargetAttributes = {
					2B1C799128FEAB0600D53658 = {
						CreatedOnToolsVersion = 14.1;
					};
					2B1C79A728FEAB0700D53658 = {
						CreatedOnToolsVersion = 14.1;
						TestTargetID = 2B1C799128FEAB0600D53658;
					};
					2B1C79B128FEAB0700D53658 = {
						CreatedOnToolsVersion = 14.1;
						TestTargetID = 2B1C799128FEAB0600D53658;
					};
				};
			};
			buildConfigurationList = 2B1C798D28FEAB0600D53658 /* Build configuration list for PBXProject "OrzMC" */;
			compatibilityVersion = "Xcode 14.0";
			developmentRegion = en;
			hasScannedForEncodings = 0;
			knownRegions = (
				en,
				Base,
			);
			mainGroup = 2B1C798928FEAB0600D53658;
			productRefGroup = 2B1C799328FEAB0600D53658 /* Products */;
			projectDirPath = "";
			projectRoot = "";
			targets = (
				2B1C799128FEAB0600D53658 /* OrzMC */,
				2B1C79A728FEAB0700D53658 /* OrzMCTests */,
				2B1C79B128FEAB0700D53658 /* OrzMCUITests */,
			);
		};
/* End PBXProject section */

/* Begin PBXResourcesBuildPhase section */
		2B1C799028FEAB0600D53658 /* Resources */ = {
			isa = PBXResourcesBuildPhase;
			buildActionMask = 2147483647;
			files = (
				2B1C79A328FEAB0700D53658 /* Preview Assets.xcassets in Resources */,
				2B1C799F28FEAB0700D53658 /* Assets.xcassets in Resources */,
			);
			runOnlyForDeploymentPostprocessing = 0;
		};
		2B1C79A628FEAB0700D53658 /* Resources */ = {
			isa = PBXResourcesBuildPhase;
			buildActionMask = 2147483647;
			files = (
			);
			runOnlyForDeploymentPostprocessing = 0;
		};
		2B1C79B028FEAB0700D53658 /* Resources */ = {
			isa = PBXResourcesBuildPhase;
			buildActionMask = 2147483647;
			files = (
			);
			runOnlyForDeploymentPostprocessing = 0;
		};
/* End PBXResourcesBuildPhase section */

/* Begin PBXSourcesBuildPhase section */
		2B1C798E28FEAB0600D53658 /* Sources */ = {
			isa = PBXSourcesBuildPhase;
			buildActionMask = 2147483647;
			files = (
				2B1C799B28FEAB0600D53658 /* OrzMC.xcdatamodeld in Sources */,
				F339F62F2903CF61003CB50C /* CircleAnimationView.swift in Sources */,
				F339F6272903A734003CB50C /* LauncherGameVersionPickerView.swift in Sources */,
				2BA549C32902814E00F4D6A6 /* LauncherUIBackground.swift in Sources */,
				2B1C799628FEAB0600D53658 /* OrzMCApp.swift in Sources */,
				2BD301F229001CD000993823 /* LauncherModel.swift in Sources */,
				2BA5439F2902624C00F4D6A6 /* LauncherUIButton.swift in Sources */,
				2BD03D792907F93200BE1D1F /* Model.swift in Sources */,
				F339F6322903FF65003CB50C /* GUILauncher.swift in Sources */,
				F339F6252903A710003CB50C /* LauncherUserLoginArea.swift in Sources */,
				F339F62D2903A7C2003CB50C /* LauncherProgressView.swift in Sources */,
				2B79DCF629066BBC000C21A1 /* ContentView.swift in Sources */,
				2B1C799828FEAB0600D53658 /* Persistence.swift in Sources */,
				2BD301EF29000B2C00993823 /* LauncherUI.swift in Sources */,
			);
			runOnlyForDeploymentPostprocessing = 0;
		};
		2B1C79A428FEAB0700D53658 /* Sources */ = {
			isa = PBXSourcesBuildPhase;
			buildActionMask = 2147483647;
			files = (
				2B1C79AD28FEAB0700D53658 /* OrzMCTests.swift in Sources */,
			);
			runOnlyForDeploymentPostprocessing = 0;
		};
		2B1C79AE28FEAB0700D53658 /* Sources */ = {
			isa = PBXSourcesBuildPhase;
			buildActionMask = 2147483647;
			files = (
				2B1C79B928FEAB0700D53658 /* OrzMCUITestsLaunchTests.swift in Sources */,
				2B1C79B728FEAB0700D53658 /* OrzMCUITests.swift in Sources */,
			);
			runOnlyForDeploymentPostprocessing = 0;
		};
/* End PBXSourcesBuildPhase section */

/* Begin PBXTargetDependency section */
		2B1C79AA28FEAB0700D53658 /* PBXTargetDependency */ = {
			isa = PBXTargetDependency;
			target = 2B1C799128FEAB0600D53658 /* OrzMC */;
			targetProxy = 2B1C79A928FEAB0700D53658 /* PBXContainerItemProxy */;
		};
		2B1C79B428FEAB0700D53658 /* PBXTargetDependency */ = {
			isa = PBXTargetDependency;
			target = 2B1C799128FEAB0600D53658 /* OrzMC */;
			targetProxy = 2B1C79B328FEAB0700D53658 /* PBXContainerItemProxy */;
		};
/* End PBXTargetDependency section */

/* Begin XCBuildConfiguration section */
		2B1C79BA28FEAB0700D53658 /* Debug */ = {
			isa = XCBuildConfiguration;
			buildSettings = {
				ALWAYS_SEARCH_USER_PATHS = NO;
				CLANG_ANALYZER_NONNULL = YES;
				CLANG_ANALYZER_NUMBER_OBJECT_CONVERSION = YES_AGGRESSIVE;
				CLANG_CXX_LANGUAGE_STANDARD = "gnu++20";
				CLANG_ENABLE_MODULES = YES;
				CLANG_ENABLE_OBJC_ARC = YES;
				CLANG_ENABLE_OBJC_WEAK = YES;
				CLANG_WARN_BLOCK_CAPTURE_AUTORELEASING = YES;
				CLANG_WARN_BOOL_CONVERSION = YES;
				CLANG_WARN_COMMA = YES;
				CLANG_WARN_CONSTANT_CONVERSION = YES;
				CLANG_WARN_DEPRECATED_OBJC_IMPLEMENTATIONS = YES;
				CLANG_WARN_DIRECT_OBJC_ISA_USAGE = YES_ERROR;
				CLANG_WARN_DOCUMENTATION_COMMENTS = YES;
				CLANG_WARN_EMPTY_BODY = YES;
				CLANG_WARN_ENUM_CONVERSION = YES;
				CLANG_WARN_INFINITE_RECURSION = YES;
				CLANG_WARN_INT_CONVERSION = YES;
				CLANG_WARN_NON_LITERAL_NULL_CONVERSION = YES;
				CLANG_WARN_OBJC_IMPLICIT_RETAIN_SELF = YES;
				CLANG_WARN_OBJC_LITERAL_CONVERSION = YES;
				CLANG_WARN_OBJC_ROOT_CLASS = YES_ERROR;
				CLANG_WARN_QUOTED_INCLUDE_IN_FRAMEWORK_HEADER = YES;
				CLANG_WARN_RANGE_LOOP_ANALYSIS = YES;
				CLANG_WARN_STRICT_PROTOTYPES = YES;
				CLANG_WARN_SUSPICIOUS_MOVE = YES;
				CLANG_WARN_UNGUARDED_AVAILABILITY = YES_AGGRESSIVE;
				CLANG_WARN_UNREACHABLE_CODE = YES;
				CLANG_WARN__DUPLICATE_METHOD_MATCH = YES;
				COPY_PHASE_STRIP = NO;
				DEAD_CODE_STRIPPING = YES;
				DEBUG_INFORMATION_FORMAT = dwarf;
				ENABLE_PREVIEWS = YES;
				ENABLE_STRICT_OBJC_MSGSEND = YES;
				ENABLE_TESTABILITY = YES;
				GCC_C_LANGUAGE_STANDARD = gnu11;
				GCC_DYNAMIC_NO_PIC = NO;
				GCC_NO_COMMON_BLOCKS = YES;
				GCC_OPTIMIZATION_LEVEL = 0;
				GCC_PREPROCESSOR_DEFINITIONS = (
					"DEBUG=1",
					"$(inherited)",
				);
				GCC_WARN_64_TO_32_BIT_CONVERSION = YES;
				GCC_WARN_ABOUT_RETURN_TYPE = YES_ERROR;
				GCC_WARN_UNDECLARED_SELECTOR = YES;
				GCC_WARN_UNINITIALIZED_AUTOS = YES_AGGRESSIVE;
				GCC_WARN_UNUSED_FUNCTION = YES;
				GCC_WARN_UNUSED_VARIABLE = YES;
				IPHONEOS_DEPLOYMENT_TARGET = 14.0;
				MACOSX_DEPLOYMENT_TARGET = 12.0;
				MTL_ENABLE_DEBUG_INFO = INCLUDE_SOURCE;
				MTL_FAST_MATH = YES;
				ONLY_ACTIVE_ARCH = YES;
				SWIFT_ACTIVE_COMPILATION_CONDITIONS = DEBUG;
				SWIFT_OPTIMIZATION_LEVEL = "-Onone";
			};
			name = Debug;
		};
		2B1C79BB28FEAB0700D53658 /* Release */ = {
			isa = XCBuildConfiguration;
			buildSettings = {
				ALWAYS_SEARCH_USER_PATHS = NO;
				CLANG_ANALYZER_NONNULL = YES;
				CLANG_ANALYZER_NUMBER_OBJECT_CONVERSION = YES_AGGRESSIVE;
				CLANG_CXX_LANGUAGE_STANDARD = "gnu++20";
				CLANG_ENABLE_MODULES = YES;
				CLANG_ENABLE_OBJC_ARC = YES;
				CLANG_ENABLE_OBJC_WEAK = YES;
				CLANG_WARN_BLOCK_CAPTURE_AUTORELEASING = YES;
				CLANG_WARN_BOOL_CONVERSION = YES;
				CLANG_WARN_COMMA = YES;
				CLANG_WARN_CONSTANT_CONVERSION = YES;
				CLANG_WARN_DEPRECATED_OBJC_IMPLEMENTATIONS = YES;
				CLANG_WARN_DIRECT_OBJC_ISA_USAGE = YES_ERROR;
				CLANG_WARN_DOCUMENTATION_COMMENTS = YES;
				CLANG_WARN_EMPTY_BODY = YES;
				CLANG_WARN_ENUM_CONVERSION = YES;
				CLANG_WARN_INFINITE_RECURSION = YES;
				CLANG_WARN_INT_CONVERSION = YES;
				CLANG_WARN_NON_LITERAL_NULL_CONVERSION = YES;
				CLANG_WARN_OBJC_IMPLICIT_RETAIN_SELF = YES;
				CLANG_WARN_OBJC_LITERAL_CONVERSION = YES;
				CLANG_WARN_OBJC_ROOT_CLASS = YES_ERROR;
				CLANG_WARN_QUOTED_INCLUDE_IN_FRAMEWORK_HEADER = YES;
				CLANG_WARN_RANGE_LOOP_ANALYSIS = YES;
				CLANG_WARN_STRICT_PROTOTYPES = YES;
				CLANG_WARN_SUSPICIOUS_MOVE = YES;
				CLANG_WARN_UNGUARDED_AVAILABILITY = YES_AGGRESSIVE;
				CLANG_WARN_UNREACHABLE_CODE = YES;
				CLANG_WARN__DUPLICATE_METHOD_MATCH = YES;
				COPY_PHASE_STRIP = NO;
				DEAD_CODE_STRIPPING = YES;
				DEBUG_INFORMATION_FORMAT = "dwarf-with-dsym";
				ENABLE_NS_ASSERTIONS = NO;
				ENABLE_PREVIEWS = YES;
				ENABLE_STRICT_OBJC_MSGSEND = YES;
				GCC_C_LANGUAGE_STANDARD = gnu11;
				GCC_NO_COMMON_BLOCKS = YES;
				GCC_WARN_64_TO_32_BIT_CONVERSION = YES;
				GCC_WARN_ABOUT_RETURN_TYPE = YES_ERROR;
				GCC_WARN_UNDECLARED_SELECTOR = YES;
				GCC_WARN_UNINITIALIZED_AUTOS = YES_AGGRESSIVE;
				GCC_WARN_UNUSED_FUNCTION = YES;
				GCC_WARN_UNUSED_VARIABLE = YES;
				IPHONEOS_DEPLOYMENT_TARGET = 14.0;
				MACOSX_DEPLOYMENT_TARGET = 12.0;
				MTL_ENABLE_DEBUG_INFO = NO;
				MTL_FAST_MATH = YES;
				SWIFT_COMPILATION_MODE = wholemodule;
				SWIFT_OPTIMIZATION_LEVEL = "-O";
			};
			name = Release;
		};
		2B1C79BD28FEAB0700D53658 /* Debug */ = {
			isa = XCBuildConfiguration;
			buildSettings = {
				ASSETCATALOG_COMPILER_APPICON_NAME = AppIcon;
				ASSETCATALOG_COMPILER_GLOBAL_ACCENT_COLOR_NAME = AccentColor;
				CODE_SIGN_ENTITLEMENTS = OrzMC/OrzMC.entitlements;
				CODE_SIGN_IDENTITY = "-";
				"CODE_SIGN_IDENTITY[sdk=iphoneos*]" = "Apple Development";
				"CODE_SIGN_IDENTITY[sdk=macosx*]" = "-";
				CODE_SIGN_STYLE = Automatic;
				CURRENT_PROJECT_VERSION = 1;
				DEAD_CODE_STRIPPING = YES;
				DEVELOPMENT_ASSET_PATHS = "\"OrzMC/Preview Content\"";
				DEVELOPMENT_TEAM = 2N62934Y28;
				ENABLE_HARDENED_RUNTIME = YES;
				GENERATE_INFOPLIST_FILE = YES;
				INFOPLIST_FILE = OrzMC/Info.plist;
				INFOPLIST_KEY_CFBundleDisplayName = OrzMC;
				INFOPLIST_KEY_LSApplicationCategoryType = "public.app-category.games";
				"INFOPLIST_KEY_UIApplicationSceneManifest_Generation[sdk=iphoneos*]" = YES;
				"INFOPLIST_KEY_UIApplicationSceneManifest_Generation[sdk=iphonesimulator*]" = YES;
				"INFOPLIST_KEY_UIApplicationSupportsIndirectInputEvents[sdk=iphoneos*]" = YES;
				"INFOPLIST_KEY_UIApplicationSupportsIndirectInputEvents[sdk=iphonesimulator*]" = YES;
				"INFOPLIST_KEY_UILaunchScreen_Generation[sdk=iphoneos*]" = YES;
				"INFOPLIST_KEY_UILaunchScreen_Generation[sdk=iphonesimulator*]" = YES;
				"INFOPLIST_KEY_UIStatusBarStyle[sdk=iphoneos*]" = UIStatusBarStyleDefault;
				"INFOPLIST_KEY_UIStatusBarStyle[sdk=iphonesimulator*]" = UIStatusBarStyleDefault;
				INFOPLIST_KEY_UISupportedInterfaceOrientations_iPad = "UIInterfaceOrientationPortrait UIInterfaceOrientationPortraitUpsideDown UIInterfaceOrientationLandscapeLeft UIInterfaceOrientationLandscapeRight";
				INFOPLIST_KEY_UISupportedInterfaceOrientations_iPhone = "UIInterfaceOrientationPortrait UIInterfaceOrientationLandscapeLeft UIInterfaceOrientationLandscapeRight";
				LD_RUNPATH_SEARCH_PATHS = "@executable_path/Frameworks";
				"LD_RUNPATH_SEARCH_PATHS[sdk=macosx*]" = "@executable_path/../Frameworks";
				MARKETING_VERSION = 1.0;
				PRODUCT_BUNDLE_IDENTIFIER = com.joker.OrzMC;
				PRODUCT_NAME = "$(TARGET_NAME)";
				SDKROOT = auto;
				SUPPORTED_PLATFORMS = "iphoneos iphonesimulator macosx";
				SUPPORTS_MACCATALYST = NO;
				SUPPORTS_MAC_DESIGNED_FOR_IPHONE_IPAD = NO;
				SWIFT_EMIT_LOC_STRINGS = YES;
				SWIFT_VERSION = 5.0;
				TARGETED_DEVICE_FAMILY = "1,2";
			};
			name = Debug;
		};
		2B1C79BE28FEAB0700D53658 /* Release */ = {
			isa = XCBuildConfiguration;
			buildSettings = {
				ASSETCATALOG_COMPILER_APPICON_NAME = AppIcon;
				ASSETCATALOG_COMPILER_GLOBAL_ACCENT_COLOR_NAME = AccentColor;
				CODE_SIGN_ENTITLEMENTS = OrzMC/OrzMC.entitlements;
				CODE_SIGN_IDENTITY = "-";
				"CODE_SIGN_IDENTITY[sdk=iphoneos*]" = "Apple Development";
				"CODE_SIGN_IDENTITY[sdk=macosx*]" = "-";
				CODE_SIGN_STYLE = Automatic;
				CURRENT_PROJECT_VERSION = 1;
				DEAD_CODE_STRIPPING = YES;
				DEVELOPMENT_ASSET_PATHS = "\"OrzMC/Preview Content\"";
				DEVELOPMENT_TEAM = 2N62934Y28;
				ENABLE_HARDENED_RUNTIME = YES;
				GENERATE_INFOPLIST_FILE = YES;
				INFOPLIST_FILE = OrzMC/Info.plist;
				INFOPLIST_KEY_CFBundleDisplayName = OrzMC;
				INFOPLIST_KEY_LSApplicationCategoryType = "public.app-category.games";
				"INFOPLIST_KEY_UIApplicationSceneManifest_Generation[sdk=iphoneos*]" = YES;
				"INFOPLIST_KEY_UIApplicationSceneManifest_Generation[sdk=iphonesimulator*]" = YES;
				"INFOPLIST_KEY_UIApplicationSupportsIndirectInputEvents[sdk=iphoneos*]" = YES;
				"INFOPLIST_KEY_UIApplicationSupportsIndirectInputEvents[sdk=iphonesimulator*]" = YES;
				"INFOPLIST_KEY_UILaunchScreen_Generation[sdk=iphoneos*]" = YES;
				"INFOPLIST_KEY_UILaunchScreen_Generation[sdk=iphonesimulator*]" = YES;
				"INFOPLIST_KEY_UIStatusBarStyle[sdk=iphoneos*]" = UIStatusBarStyleDefault;
				"INFOPLIST_KEY_UIStatusBarStyle[sdk=iphonesimulator*]" = UIStatusBarStyleDefault;
				INFOPLIST_KEY_UISupportedInterfaceOrientations_iPad = "UIInterfaceOrientationPortrait UIInterfaceOrientationPortraitUpsideDown UIInterfaceOrientationLandscapeLeft UIInterfaceOrientationLandscapeRight";
				INFOPLIST_KEY_UISupportedInterfaceOrientations_iPhone = "UIInterfaceOrientationPortrait UIInterfaceOrientationLandscapeLeft UIInterfaceOrientationLandscapeRight";
				LD_RUNPATH_SEARCH_PATHS = "@executable_path/Frameworks";
				"LD_RUNPATH_SEARCH_PATHS[sdk=macosx*]" = "@executable_path/../Frameworks";
				MARKETING_VERSION = 1.0;
				PRODUCT_BUNDLE_IDENTIFIER = com.joker.OrzMC;
				PRODUCT_NAME = "$(TARGET_NAME)";
				SDKROOT = auto;
				SUPPORTED_PLATFORMS = "iphoneos iphonesimulator macosx";
				SUPPORTS_MACCATALYST = NO;
				SUPPORTS_MAC_DESIGNED_FOR_IPHONE_IPAD = NO;
				SWIFT_EMIT_LOC_STRINGS = YES;
				SWIFT_VERSION = 5.0;
				TARGETED_DEVICE_FAMILY = "1,2";
			};
			name = Release;
		};
		2B1C79C028FEAB0700D53658 /* Debug */ = {
			isa = XCBuildConfiguration;
			buildSettings = {
				ALWAYS_EMBED_SWIFT_STANDARD_LIBRARIES = YES;
				BUNDLE_LOADER = "$(TEST_HOST)";
				CODE_SIGN_STYLE = Automatic;
				CURRENT_PROJECT_VERSION = 1;
				DEAD_CODE_STRIPPING = YES;
				DEVELOPMENT_TEAM = 2N62934Y28;
				GENERATE_INFOPLIST_FILE = YES;
				MARKETING_VERSION = 1.0;
				PRODUCT_BUNDLE_IDENTIFIER = com.joker.OrzMCTests;
				PRODUCT_NAME = "$(TARGET_NAME)";
				SDKROOT = auto;
				SUPPORTED_PLATFORMS = "iphoneos iphonesimulator macosx";
				SWIFT_EMIT_LOC_STRINGS = NO;
				SWIFT_VERSION = 5.0;
				TARGETED_DEVICE_FAMILY = "1,2";
				TEST_HOST = "$(BUILT_PRODUCTS_DIR)/OrzMC.app/$(BUNDLE_EXECUTABLE_FOLDER_PATH)/OrzMC";
			};
			name = Debug;
		};
		2B1C79C128FEAB0700D53658 /* Release */ = {
			isa = XCBuildConfiguration;
			buildSettings = {
				ALWAYS_EMBED_SWIFT_STANDARD_LIBRARIES = YES;
				BUNDLE_LOADER = "$(TEST_HOST)";
				CODE_SIGN_STYLE = Automatic;
				CURRENT_PROJECT_VERSION = 1;
				DEAD_CODE_STRIPPING = YES;
				DEVELOPMENT_TEAM = 2N62934Y28;
				GENERATE_INFOPLIST_FILE = YES;
				MARKETING_VERSION = 1.0;
				PRODUCT_BUNDLE_IDENTIFIER = com.joker.OrzMCTests;
				PRODUCT_NAME = "$(TARGET_NAME)";
				SDKROOT = auto;
				SUPPORTED_PLATFORMS = "iphoneos iphonesimulator macosx";
				SWIFT_EMIT_LOC_STRINGS = NO;
				SWIFT_VERSION = 5.0;
				TARGETED_DEVICE_FAMILY = "1,2";
				TEST_HOST = "$(BUILT_PRODUCTS_DIR)/OrzMC.app/$(BUNDLE_EXECUTABLE_FOLDER_PATH)/OrzMC";
			};
			name = Release;
		};
		2B1C79C328FEAB0700D53658 /* Debug */ = {
			isa = XCBuildConfiguration;
			buildSettings = {
				ALWAYS_EMBED_SWIFT_STANDARD_LIBRARIES = YES;
				CODE_SIGN_STYLE = Automatic;
				CURRENT_PROJECT_VERSION = 1;
				DEAD_CODE_STRIPPING = YES;
				DEVELOPMENT_TEAM = 2N62934Y28;
				GENERATE_INFOPLIST_FILE = YES;
				MARKETING_VERSION = 1.0;
				PRODUCT_BUNDLE_IDENTIFIER = com.joker.OrzMCUITests;
				PRODUCT_NAME = "$(TARGET_NAME)";
				SDKROOT = auto;
				SUPPORTED_PLATFORMS = "iphoneos iphonesimulator macosx";
				SWIFT_EMIT_LOC_STRINGS = NO;
				SWIFT_VERSION = 5.0;
				TARGETED_DEVICE_FAMILY = "1,2";
				TEST_TARGET_NAME = OrzMC;
			};
			name = Debug;
		};
		2B1C79C428FEAB0700D53658 /* Release */ = {
			isa = XCBuildConfiguration;
			buildSettings = {
				ALWAYS_EMBED_SWIFT_STANDARD_LIBRARIES = YES;
				CODE_SIGN_STYLE = Automatic;
				CURRENT_PROJECT_VERSION = 1;
				DEAD_CODE_STRIPPING = YES;
				DEVELOPMENT_TEAM = 2N62934Y28;
				GENERATE_INFOPLIST_FILE = YES;
				MARKETING_VERSION = 1.0;
				PRODUCT_BUNDLE_IDENTIFIER = com.joker.OrzMCUITests;
				PRODUCT_NAME = "$(TARGET_NAME)";
				SDKROOT = auto;
				SUPPORTED_PLATFORMS = "iphoneos iphonesimulator macosx";
				SWIFT_EMIT_LOC_STRINGS = NO;
				SWIFT_VERSION = 5.0;
				TARGETED_DEVICE_FAMILY = "1,2";
				TEST_TARGET_NAME = OrzMC;
			};
			name = Release;
		};
/* End XCBuildConfiguration section */

/* Begin XCConfigurationList section */
		2B1C798D28FEAB0600D53658 /* Build configuration list for PBXProject "OrzMC" */ = {
			isa = XCConfigurationList;
			buildConfigurations = (
				2B1C79BA28FEAB0700D53658 /* Debug */,
				2B1C79BB28FEAB0700D53658 /* Release */,
			);
			defaultConfigurationIsVisible = 0;
			defaultConfigurationName = Release;
		};
		2B1C79BC28FEAB0700D53658 /* Build configuration list for PBXNativeTarget "OrzMC" */ = {
			isa = XCConfigurationList;
			buildConfigurations = (
				2B1C79BD28FEAB0700D53658 /* Debug */,
				2B1C79BE28FEAB0700D53658 /* Release */,
			);
			defaultConfigurationIsVisible = 0;
			defaultConfigurationName = Release;
		};
		2B1C79BF28FEAB0700D53658 /* Build configuration list for PBXNativeTarget "OrzMCTests" */ = {
			isa = XCConfigurationList;
			buildConfigurations = (
				2B1C79C028FEAB0700D53658 /* Debug */,
				2B1C79C128FEAB0700D53658 /* Release */,
			);
			defaultConfigurationIsVisible = 0;
			defaultConfigurationName = Release;
		};
		2B1C79C228FEAB0700D53658 /* Build configuration list for PBXNativeTarget "OrzMCUITests" */ = {
			isa = XCConfigurationList;
			buildConfigurations = (
				2B1C79C328FEAB0700D53658 /* Debug */,
				2B1C79C428FEAB0700D53658 /* Release */,
			);
			defaultConfigurationIsVisible = 0;
			defaultConfigurationName = Release;
		};
/* End XCConfigurationList section */

/* Begin XCSwiftPackageProductDependency section */
		2B79FC4B2906A791000C21A1 /* Game */ = {
			isa = XCSwiftPackageProductDependency;
			productName = Game;
		};
/* End XCSwiftPackageProductDependency section */

/* Begin XCVersionGroup section */
		2B1C799928FEAB0600D53658 /* OrzMC.xcdatamodeld */ = {
			isa = XCVersionGroup;
			children = (
				2B1C799A28FEAB0600D53658 /* OrzMC.xcdatamodel */,
			);
			currentVersion = 2B1C799A28FEAB0600D53658 /* OrzMC.xcdatamodel */;
			path = OrzMC.xcdatamodeld;
			sourceTree = "<group>";
			versionGroupType = wrapper.xcdatamodel;
		};
/* End XCVersionGroup section */
	};
	rootObject = 2B1C798A28FEAB0600D53658 /* Project object */;
}
